
Microsoft Visual Studio Solution File, Format Version 12.00
# Visual Studio Version 17
VisualStudioVersion = 17.5.002.0
MinimumVisualStudioVersion = 10.0.40219.1
Project("{9A19103F-16F7-4668-BE54-9A1E7A4F7556}") = "PizzaStore", "PizzaStore.csproj", "{BD4D1E89-06B9-4B57-B487-25DC5A7EE22F}"
EndProject
Global
	GlobalSection(SolutionConfigurationPlatforms) = preSolution
		Debug|Any CPU = Debug|Any CPU
		Release|Any CPU = Release|Any CPU
	EndGlobalSection
	GlobalSection(ProjectConfigurationPlatforms) = postSolution
		{BD4D1E89-06B9-4B57-B487-25DC5A7EE22F}.Debug|Any CPU.ActiveCfg = Debug|Any CPU
		{BD4D1E89-06B9-4B57-B487-25DC5A7EE22F}.Debug|Any CPU.Build.0 = Debug|Any CPU
		{BD4D1E89-06B9-4B57-B487-25DC5A7EE22F}.Release|Any CPU.ActiveCfg = Release|Any CPU
		{BD4D1E89-06B9-4B57-B487-25DC5A7EE22F}.Release|Any CPU.Build.0 = Release|Any CPU
	EndGlobalSection
	GlobalSection(SolutionProperties) = preSolution
		HideSolutionNode = FALSE
	EndGlobalSection
	GlobalSection(ExtensibilityGlobals) = postSolution
		SolutionGuid = {A07AF15F-FE78-4941-864B-35D7D9AB5EF0}
	EndGlobalSection
EndGlobal
